
Microsoft Visual Studio Solution File, Format Version 12.00
# Visual Studio 15
VisualStudioVersion = 15.0.26730.12
MinimumVisualStudioVersion = 10.0.40219.1
Project("{2150E333-8FDC-42A3-9474-1A3956D46DE8}") = "Scheduling", "Scheduling", "{42E2D587-57B1-4979-96DB-19B952D379CF}"
EndProject
Project("{2150E333-8FDC-42A3-9474-1A3956D46DE8}") = "Web", "Web", "{8B8598DE-2777-4E78-B871-DA09997E06E6}"
EndProject
Project("{2150E333-8FDC-42A3-9474-1A3956D46DE8}") = "src", "src", "{99383107-1D94-44A4-A04C-E96CB12FF4B0}"
EndProject
Project("{2150E333-8FDC-42A3-9474-1A3956D46DE8}") = "Services", "Services", "{4512EE60-51EA-4ECA-8F19-10349F14CB06}"
EndProject
Project("{9A19103F-16F7-4668-BE54-9A1E7A4F7556}") = "Scheduling.API", "src\Services\Scheduling\Skej.Scheduling.API\Scheduling.API.csproj", "{997084A8-2914-423F-A870-52F69AE99641}"
EndProject
Project("{9A19103F-16F7-4668-BE54-9A1E7A4F7556}") = "Scheduling.Domain", "src\Services\Scheduling\Skej.Scheduling.Domain\Scheduling.Domain.csproj", "{EBE3C4EC-3460-416F-9589-0F35AD076070}"
EndProject
Project("{9A19103F-16F7-4668-BE54-9A1E7A4F7556}") = "Scheduling.Infrastructure", "src\Services\Scheduling\Skej.Scheduling.Infrastructure\Scheduling.Infrastructure.csproj", "{64240207-EA10-448B-88D2-AF5C4869AE61}"
EndProject
Project("{9A19103F-16F7-4668-BE54-9A1E7A4F7556}") = "Skej.SPA", "src\Web\Skej.SPA\Skej.SPA.csproj", "{57F8AF22-7DC0-4828-A66D-653B74F2AD87}"
EndProject
Project("{E53339B2-1760-4266-BCC7-CA923CBCF16C}") = "docker-compose", "docker-compose.dcproj", "{1E5E2DEB-8E89-44A7-A906-DBDE1373FFD1}"
EndProject
Global
	GlobalSection(SolutionConfigurationPlatforms) = preSolution
		Debug|Any CPU = Debug|Any CPU
		Release|Any CPU = Release|Any CPU
	EndGlobalSection
	GlobalSection(ProjectConfigurationPlatforms) = postSolution
		{997084A8-2914-423F-A870-52F69AE99641}.Debug|Any CPU.ActiveCfg = Debug|Any CPU
		{997084A8-2914-423F-A870-52F69AE99641}.Debug|Any CPU.Build.0 = Debug|Any CPU
		{997084A8-2914-423F-A870-52F69AE99641}.Release|Any CPU.ActiveCfg = Release|Any CPU
		{997084A8-2914-423F-A870-52F69AE99641}.Release|Any CPU.Build.0 = Release|Any CPU
		{EBE3C4EC-3460-416F-9589-0F35AD076070}.Debug|Any CPU.ActiveCfg = Debug|Any CPU
		{EBE3C4EC-3460-416F-9589-0F35AD076070}.Debug|Any CPU.Build.0 = Debug|Any CPU
		{EBE3C4EC-3460-416F-9589-0F35AD076070}.Release|Any CPU.ActiveCfg = Release|Any CPU
		{EBE3C4EC-3460-416F-9589-0F35AD076070}.Release|Any CPU.Build.0 = Release|Any CPU
		{64240207-EA10-448B-88D2-AF5C4869AE61}.Debug|Any CPU.ActiveCfg = Debug|Any CPU
		{64240207-EA10-448B-88D2-AF5C4869AE61}.Debug|Any CPU.Build.0 = Debug|Any CPU
		{64240207-EA10-448B-88D2-AF5C4869AE61}.Release|Any CPU.ActiveCfg = Release|Any CPU
		{64240207-EA10-448B-88D2-AF5C4869AE61}.Release|Any CPU.Build.0 = Release|Any CPU
		{57F8AF22-7DC0-4828-A66D-653B74F2AD87}.Debug|Any CPU.ActiveCfg = Debug|Any CPU
		{57F8AF22-7DC0-4828-A66D-653B74F2AD87}.Debug|Any CPU.Build.0 = Debug|Any CPU
		{57F8AF22-7DC0-4828-A66D-653B74F2AD87}.Release|Any CPU.ActiveCfg = Release|Any CPU
		{57F8AF22-7DC0-4828-A66D-653B74F2AD87}.Release|Any CPU.Build.0 = Release|Any CPU
		{1E5E2DEB-8E89-44A7-A906-DBDE1373FFD1}.Debug|Any CPU.ActiveCfg = Debug|Any CPU
		{1E5E2DEB-8E89-44A7-A906-DBDE1373FFD1}.Debug|Any CPU.Build.0 = Debug|Any CPU
		{1E5E2DEB-8E89-44A7-A906-DBDE1373FFD1}.Release|Any CPU.ActiveCfg = Release|Any CPU
		{1E5E2DEB-8E89-44A7-A906-DBDE1373FFD1}.Release|Any CPU.Build.0 = Release|Any CPU
	EndGlobalSection
	GlobalSection(SolutionProperties) = preSolution
		HideSolutionNode = FALSE
	EndGlobalSection
	GlobalSection(NestedProjects) = preSolution
		{42E2D587-57B1-4979-96DB-19B952D379CF} = {4512EE60-51EA-4ECA-8F19-10349F14CB06}
		{4512EE60-51EA-4ECA-8F19-10349F14CB06} = {99383107-1D94-44A4-A04C-E96CB12FF4B0}
		{997084A8-2914-423F-A870-52F69AE99641} = {42E2D587-57B1-4979-96DB-19B952D379CF}
		{EBE3C4EC-3460-416F-9589-0F35AD076070} = {42E2D587-57B1-4979-96DB-19B952D379CF}
		{64240207-EA10-448B-88D2-AF5C4869AE61} = {42E2D587-57B1-4979-96DB-19B952D379CF}
		{57F8AF22-7DC0-4828-A66D-653B74F2AD87} = {8B8598DE-2777-4E78-B871-DA09997E06E6}
	EndGlobalSection
	GlobalSection(ExtensibilityGlobals) = postSolution
		SolutionGuid = {9C4CBA6D-EABC-4F8A-81FB-9CEE560BEA83}
	EndGlobalSection
EndGlobal
