
Microsoft Visual Studio Solution File, Format Version 12.00
# Visual Studio 15
VisualStudioVersion = 15.0.26730.10
MinimumVisualStudioVersion = 10.0.40219.1
Project("{9A19103F-16F7-4668-BE54-9A1E7A4F7556}") = "Skej.Web", "Skej.Web\Skej.Web.csproj", "{FF0B1950-F9EC-4E2D-9D5A-62A20BA2AAD8}"
EndProject
Project("{E53339B2-1760-4266-BCC7-CA923CBCF16C}") = "docker-compose", "docker-compose.dcproj", "{F379CFEB-DC75-467F-9847-BABF81AD66A7}"
EndProject
Global
	GlobalSection(SolutionConfigurationPlatforms) = preSolution
		Debug|Any CPU = Debug|Any CPU
		Release|Any CPU = Release|Any CPU
	EndGlobalSection
	GlobalSection(ProjectConfigurationPlatforms) = postSolution
		{FF0B1950-F9EC-4E2D-9D5A-62A20BA2AAD8}.Debug|Any CPU.ActiveCfg = Debug|Any CPU
		{FF0B1950-F9EC-4E2D-9D5A-62A20BA2AAD8}.Debug|Any CPU.Build.0 = Debug|Any CPU
		{FF0B1950-F9EC-4E2D-9D5A-62A20BA2AAD8}.Release|Any CPU.ActiveCfg = Release|Any CPU
		{FF0B1950-F9EC-4E2D-9D5A-62A20BA2AAD8}.Release|Any CPU.Build.0 = Release|Any CPU
		{F379CFEB-DC75-467F-9847-BABF81AD66A7}.Debug|Any CPU.ActiveCfg = Debug|Any CPU
		{F379CFEB-DC75-467F-9847-BABF81AD66A7}.Debug|Any CPU.Build.0 = Debug|Any CPU
		{F379CFEB-DC75-467F-9847-BABF81AD66A7}.Release|Any CPU.ActiveCfg = Release|Any CPU
		{F379CFEB-DC75-467F-9847-BABF81AD66A7}.Release|Any CPU.Build.0 = Release|Any CPU
	EndGlobalSection
	GlobalSection(SolutionProperties) = preSolution
		HideSolutionNode = FALSE
	EndGlobalSection
	GlobalSection(ExtensibilityGlobals) = postSolution
		SolutionGuid = {9C4CBA6D-EABC-4F8A-81FB-9CEE560BEA83}
	EndGlobalSection
EndGlobal
